// !$*UTF8*$!
{
	archiveVersion = 1;
	classes = {
	};
	objectVersion = 46;
	objects = {

/* Begin PBXBuildFile section */
		1BD311FE1CB119B70031AC5A /* AppDelegate.swift in Sources */ = {isa = PBXBuildFile; fileRef = 1BD311FD1CB119B70031AC5A /* AppDelegate.swift */; };
		1BD312001CB119B70031AC5A /* ViewController.swift in Sources */ = {isa = PBXBuildFile; fileRef = 1BD311FF1CB119B70031AC5A /* ViewController.swift */; };
		1BD312031CB119B70031AC5A /* Main.storyboard in Resources */ = {isa = PBXBuildFile; fileRef = 1BD312011CB119B70031AC5A /* Main.storyboard */; };
		1BD312051CB119B70031AC5A /* Assets.xcassets in Resources */ = {isa = PBXBuildFile; fileRef = 1BD312041CB119B70031AC5A /* Assets.xcassets */; };
		1BD312081CB119B70031AC5A /* LaunchScreen.storyboard in Resources */ = {isa = PBXBuildFile; fileRef = 1BD312061CB119B70031AC5A /* LaunchScreen.storyboard */; };
		1BD312131CB119B70031AC5A /* MusicPlayerTests.swift in Sources */ = {isa = PBXBuildFile; fileRef = 1BD312121CB119B70031AC5A /* MusicPlayerTests.swift */; };
		1BD3121E1CB119B70031AC5A /* MusicPlayerUITests.swift in Sources */ = {isa = PBXBuildFile; fileRef = 1BD3121D1CB119B70031AC5A /* MusicPlayerUITests.swift */; };
/* End PBXBuildFile section */

/* Begin PBXContainerItemProxy section */
		1BD3120F1CB119B70031AC5A /* PBXContainerItemProxy */ = {
			isa = PBXContainerItemProxy;
			containerPortal = 1BD311F21CB119B70031AC5A /* Project object */;
			proxyType = 1;
			remoteGlobalIDString = 1BD311F91CB119B70031AC5A;
			remoteInfo = MusicPlayer;
		};
		1BD3121A1CB119B70031AC5A /* PBXContainerItemProxy */ = {
			isa = PBXContainerItemProxy;
			containerPortal = 1BD311F21CB119B70031AC5A /* Project object */;
			proxyType = 1;
			remoteGlobalIDString = 1BD311F91CB119B70031AC5A;
			remoteInfo = MusicPlayer;
		};
/* End PBXContainerItemProxy section */

/* Begin PBXFileReference section */
		1BD311FA1CB119B70031AC5A /* MusicPlayer.app */ = {isa = PBXFileReference; explicitFileType = wrapper.application; includeInIndex = 0; path = MusicPlayer.app; sourceTree = BUILT_PRODUCTS_DIR; };
		1BD311FD1CB119B70031AC5A /* AppDelegate.swift */ = {isa = PBXFileReference; lastKnownFileType = sourcecode.swift; path = AppDelegate.swift; sourceTree = "<group>"; };
		1BD311FF1CB119B70031AC5A /* ViewController.swift */ = {isa = PBXFileReference; lastKnownFileType = sourcecode.swift; path = ViewController.swift; sourceTree = "<group>"; };
		1BD312021CB119B70031AC5A /* Base */ = {isa = PBXFileReference; lastKnownFileType = file.storyboard; name = Base; path = Base.lproj/Main.storyboard; sourceTree = "<group>"; };
		1BD312041CB119B70031AC5A /* Assets.xcassets */ = {isa = PBXFileReference; lastKnownFileType = folder.assetcatalog; path = Assets.xcassets; sourceTree = "<group>"; };
		1BD312071CB119B70031AC5A /* Base */ = {isa = PBXFileReference; lastKnownFileType = file.storyboard; name = Base; path = Base.lproj/LaunchScreen.storyboard; sourceTree = "<group>"; };
		1BD312091CB119B70031AC5A /* Info.plist */ = {isa = PBXFileReference; lastKnownFileType = text.plist.xml; path = Info.plist; sourceTree = "<group>"; };
		1BD3120E1CB119B70031AC5A /* MusicPlayerTests.xctest */ = {isa = PBXFileReference; explicitFileType = wrapper.cfbundle; includeInIndex = 0; path = MusicPlayerTests.xctest; sourceTree = BUILT_PRODUCTS_DIR; };
		1BD312121CB119B70031AC5A /* MusicPlayerTests.swift */ = {isa = PBXFileReference; lastKnownFileType = sourcecode.swift; path = MusicPlayerTests.swift; sourceTree = "<group>"; };
		1BD312141CB119B70031AC5A /* Info.plist */ = {isa = PBXFileReference; lastKnownFileType = text.plist.xml; path = Info.plist; sourceTree = "<group>"; };
		1BD312191CB119B70031AC5A /* MusicPlayerUITests.xctest */ = {isa = PBXFileReference; explicitFileType = wrapper.cfbundle; includeInIndex = 0; path = MusicPlayerUITests.xctest; sourceTree = BUILT_PRODUCTS_DIR; };
		1BD3121D1CB119B70031AC5A /* MusicPlayerUITests.swift */ = {isa = PBXFileReference; lastKnownFileType = sourcecode.swift; path = MusicPlayerUITests.swift; sourceTree = "<group>"; };
		1BD3121F1CB119B70031AC5A /* Info.plist */ = {isa = PBXFileReference; lastKnownFileType = text.plist.xml; path = Info.plist; sourceTree = "<group>"; };
/* End PBXFileReference section */

/* Begin PBXFrameworksBuildPhase section */
		1BD311F71CB119B70031AC5A /* Frameworks */ = {
			isa = PBXFrameworksBuildPhase;
			buildActionMask = 2147483647;
			files = (
			);
			runOnlyForDeploymentPostprocessing = 0;
		};
		1BD3120B1CB119B70031AC5A /* Frameworks */ = {
			isa = PBXFrameworksBuildPhase;
			buildActionMask = 2147483647;
			files = (
			);
			runOnlyForDeploymentPostprocessing = 0;
		};
		1BD312161CB119B70031AC5A /* Frameworks */ = {
			isa = PBXFrameworksBuildPhase;
			buildActionMask = 2147483647;
			files = (
			);
			runOnlyForDeploymentPostprocessing = 0;
		};
/* End PBXFrameworksBuildPhase section */

/* Begin PBXGroup section */
		1BD311F11CB119B70031AC5A = {
			isa = PBXGroup;
			children = (
				1BD311FC1CB119B70031AC5A /* MusicPlayer */,
				1BD312111CB119B70031AC5A /* MusicPlayerTests */,
				1BD3121C1CB119B70031AC5A /* MusicPlayerUITests */,
				1BD311FB1CB119B70031AC5A /* Products */,
			);
			sourceTree = "<group>";
		};
		1BD311FB1CB119B70031AC5A /* Products */ = {
			isa = PBXGroup;
			children = (
				1BD311FA1CB119B70031AC5A /* MusicPlayer.app */,
				1BD3120E1CB119B70031AC5A /* MusicPlayerTests.xctest */,
				1BD312191CB119B70031AC5A /* MusicPlayerUITests.xctest */,
			);
			name = Products;
			sourceTree = "<group>";
		};
		1BD311FC1CB119B70031AC5A /* MusicPlayer */ = {
			isa = PBXGroup;
			children = (
				1BD311FD1CB119B70031AC5A /* AppDelegate.swift */,
				1BD311FF1CB119B70031AC5A /* ViewController.swift */,
				1BD312011CB119B70031AC5A /* Main.storyboard */,
				1BD312041CB119B70031AC5A /* Assets.xcassets */,
				1BD312061CB119B70031AC5A /* LaunchScreen.storyboard */,
				1BD312091CB119B70031AC5A /* Info.plist */,
			);
			path = MusicPlayer;
			sourceTree = "<group>";
		};
		1BD312111CB119B70031AC5A /* MusicPlayerTests */ = {
			isa = PBXGroup;
			children = (
				1BD312121CB119B70031AC5A /* MusicPlayerTests.swift */,
				1BD312141CB119B70031AC5A /* Info.plist */,
			);
			path = MusicPlayerTests;
			sourceTree = "<group>";
		};
		1BD3121C1CB119B70031AC5A /* MusicPlayerUITests */ = {
			isa = PBXGroup;
			children = (
				1BD3121D1CB119B70031AC5A /* MusicPlayerUITests.swift */,
				1BD3121F1CB119B70031AC5A /* Info.plist */,
			);
			path = MusicPlayerUITests;
			sourceTree = "<group>";
		};
/* End PBXGroup section */

/* Begin PBXNativeTarget section */
		1BD311F91CB119B70031AC5A /* MusicPlayer */ = {
			isa = PBXNativeTarget;
			buildConfigurationList = 1BD312221CB119B70031AC5A /* Build configuration list for PBXNativeTarget "MusicPlayer" */;
			buildPhases = (
				1BD311F61CB119B70031AC5A /* Sources */,
				1BD311F71CB119B70031AC5A /* Frameworks */,
				1BD311F81CB119B70031AC5A /* Resources */,
			);
			buildRules = (
			);
			dependencies = (
			);
			name = MusicPlayer;
			productName = MusicPlayer;
			productReference = 1BD311FA1CB119B70031AC5A /* MusicPlayer.app */;
			productType = "com.apple.product-type.application";
		};
		1BD3120D1CB119B70031AC5A /* MusicPlayerTests */ = {
			isa = PBXNativeTarget;
			buildConfigurationList = 1BD312251CB119B70031AC5A /* Build configuration list for PBXNativeTarget "MusicPlayerTests" */;
			buildPhases = (
				1BD3120A1CB119B70031AC5A /* Sources */,
				1BD3120B1CB119B70031AC5A /* Frameworks */,
				1BD3120C1CB119B70031AC5A /* Resources */,
			);
			buildRules = (
			);
			dependencies = (
				1BD312101CB119B70031AC5A /* PBXTargetDependency */,
			);
			name = MusicPlayerTests;
			productName = MusicPlayerTests;
			productReference = 1BD3120E1CB119B70031AC5A /* MusicPlayerTests.xctest */;
			productType = "com.apple.product-type.bundle.unit-test";
		};
		1BD312181CB119B70031AC5A /* MusicPlayerUITests */ = {
			isa = PBXNativeTarget;
			buildConfigurationList = 1BD312281CB119B70031AC5A /* Build configuration list for PBXNativeTarget "MusicPlayerUITests" */;
			buildPhases = (
				1BD312151CB119B70031AC5A /* Sources */,
				1BD312161CB119B70031AC5A /* Frameworks */,
				1BD312171CB119B70031AC5A /* Resources */,
			);
			buildRules = (
			);
			dependencies = (
				1BD3121B1CB119B70031AC5A /* PBXTargetDependency */,
			);
			name = MusicPlayerUITests;
			productName = MusicPlayerUITests;
			productReference = 1BD312191CB119B70031AC5A /* MusicPlayerUITests.xctest */;
			productType = "com.apple.product-type.bundle.ui-testing";
		};
/* End PBXNativeTarget section */

/* Begin PBXProject section */
		1BD311F21CB119B70031AC5A /* Project object */ = {
			isa = PBXProject;
			attributes = {
				LastSwiftUpdateCheck = 0730;
				LastUpgradeCheck = 0730;
				ORGANIZATIONNAME = "廖彬彬";
				TargetAttributes = {
					1BD311F91CB119B70031AC5A = {
						CreatedOnToolsVersion = 7.3;
					};
					1BD3120D1CB119B70031AC5A = {
						CreatedOnToolsVersion = 7.3;
						TestTargetID = 1BD311F91CB119B70031AC5A;
					};
					1BD312181CB119B70031AC5A = {
						CreatedOnToolsVersion = 7.3;
						TestTargetID = 1BD311F91CB119B70031AC5A;
					};
				};
			};
			buildConfigurationList = 1BD311F51CB119B70031AC5A /* Build configuration list for PBXProject "MusicPlayer" */;
			compatibilityVersion = "Xcode 3.2";
			developmentRegion = English;
			hasScannedForEncodings = 0;
			knownRegions = (
				en,
				Base,
			);
			mainGroup = 1BD311F11CB119B70031AC5A;
			productRefGroup = 1BD311FB1CB119B70031AC5A /* Products */;
			projectDirPath = "";
			projectRoot = "";
			targets = (
				1BD311F91CB119B70031AC5A /* MusicPlayer */,
				1BD3120D1CB119B70031AC5A /* MusicPlayerTests */,
				1BD312181CB119B70031AC5A /* MusicPlayerUITests */,
			);
		};
/* End PBXProject section */

/* Begin PBXResourcesBuildPhase section */
		1BD311F81CB119B70031AC5A /* Resources */ = {
			isa = PBXResourcesBuildPhase;
			buildActionMask = 2147483647;
			files = (
				1BD312081CB119B70031AC5A /* LaunchScreen.storyboard in Resources */,
				1BD312051CB119B70031AC5A /* Assets.xcassets in Resources */,
				1BD312031CB119B70031AC5A /* Main.storyboard in Resources */,
			);
			runOnlyForDeploymentPostprocessing = 0;
		};
		1BD3120C1CB119B70031AC5A /* Resources */ = {
			isa = PBXResourcesBuildPhase;
			buildActionMask = 2147483647;
			files = (
			);
			runOnlyForDeploymentPostprocessing = 0;
		};
		1BD312171CB119B70031AC5A /* Resources */ = {
			isa = PBXResourcesBuildPhase;
			buildActionMask = 2147483647;
			files = (
			);
			runOnlyForDeploymentPostprocessing = 0;
		};
/* End PBXResourcesBuildPhase section */

/* Begin PBXSourcesBuildPhase section */
		1BD311F61CB119B70031AC5A /* Sources */ = {
			isa = PBXSourcesBuildPhase;
			buildActionMask = 2147483647;
			files = (
				1BD312001CB119B70031AC5A /* ViewController.swift in Sources */,
				1BD311FE1CB119B70031AC5A /* AppDelegate.swift in Sources */,
			);
			runOnlyForDeploymentPostprocessing = 0;
		};
		1BD3120A1CB119B70031AC5A /* Sources */ = {
			isa = PBXSourcesBuildPhase;
			buildActionMask = 2147483647;
			files = (
				1BD312131CB119B70031AC5A /* MusicPlayerTests.swift in Sources */,
			);
			runOnlyForDeploymentPostprocessing = 0;
		};
		1BD312151CB119B70031AC5A /* Sources */ = {
			isa = PBXSourcesBuildPhase;
			buildActionMask = 2147483647;
			files = (
				1BD3121E1CB119B70031AC5A /* MusicPlayerUITests.swift in Sources */,
			);
			runOnlyForDeploymentPostprocessing = 0;
		};
/* End PBXSourcesBuildPhase section */

/* Begin PBXTargetDependency section */
		1BD312101CB119B70031AC5A /* PBXTargetDependency */ = {
			isa = PBXTargetDependency;
			target = 1BD311F91CB119B70031AC5A /* MusicPlayer */;
			targetProxy = 1BD3120F1CB119B70031AC5A /* PBXContainerItemProxy */;
		};
		1BD3121B1CB119B70031AC5A /* PBXTargetDependency */ = {
			isa = PBXTargetDependency;
			target = 1BD311F91CB119B70031AC5A /* MusicPlayer */;
			targetProxy = 1BD3121A1CB119B70031AC5A /* PBXContainerItemProxy */;
		};
/* End PBXTargetDependency section */

/* Begin PBXVariantGroup section */
		1BD312011CB119B70031AC5A /* Main.storyboard */ = {
			isa = PBXVariantGroup;
			children = (
				1BD312021CB119B70031AC5A /* Base */,
			);
			name = Main.storyboard;
			sourceTree = "<group>";
		};
		1BD312061CB119B70031AC5A /* LaunchScreen.storyboard */ = {
			isa = PBXVariantGroup;
			children = (
				1BD312071CB119B70031AC5A /* Base */,
			);
			name = LaunchScreen.storyboard;
			sourceTree = "<group>";
		};
/* End PBXVariantGroup section */

/* Begin XCBuildConfiguration section */
		1BD312201CB119B70031AC5A /* Debug */ = {
			isa = XCBuildConfiguration;
			buildSettings = {
				ALWAYS_SEARCH_USER_PATHS = NO;
				CLANG_ANALYZER_NONNULL = YES;
				CLANG_CXX_LANGUAGE_STANDARD = "gnu++0x";
				CLANG_CXX_LIBRARY = "libc++";
				CLANG_ENABLE_MODULES = YES;
				CLANG_ENABLE_OBJC_ARC = YES;
				CLANG_WARN_BOOL_CONVERSION = YES;
				CLANG_WARN_CONSTANT_CONVERSION = YES;
				CLANG_WARN_DIRECT_OBJC_ISA_USAGE = YES_ERROR;
				CLANG_WARN_EMPTY_BODY = YES;
				CLANG_WARN_ENUM_CONVERSION = YES;
				CLANG_WARN_INT_CONVERSION = YES;
				CLANG_WARN_OBJC_ROOT_CLASS = YES_ERROR;
				CLANG_WARN_UNREACHABLE_CODE = YES;
				CLANG_WARN__DUPLICATE_METHOD_MATCH = YES;
				"CODE_SIGN_IDENTITY[sdk=iphoneos*]" = "iPhone Developer";
				COPY_PHASE_STRIP = NO;
				DEBUG_INFORMATION_FORMAT = dwarf;
				ENABLE_STRICT_OBJC_MSGSEND = YES;
				ENABLE_TESTABILITY = YES;
				GCC_C_LANGUAGE_STANDARD = gnu99;
				GCC_DYNAMIC_NO_PIC = NO;
				GCC_NO_COMMON_BLOCKS = YES;
				GCC_OPTIMIZATION_LEVEL = 0;
				GCC_PREPROCESSOR_DEFINITIONS = (
					"DEBUG=1",
					"$(inherited)",
				);
				GCC_WARN_64_TO_32_BIT_CONVERSION = YES;
				GCC_WARN_ABOUT_RETURN_TYPE = YES_ERROR;
				GCC_WARN_UNDECLARED_SELECTOR = YES;
				GCC_WARN_UNINITIALIZED_AUTOS = YES_AGGRESSIVE;
				GCC_WARN_UNUSED_FUNCTION = YES;
				GCC_WARN_UNUSED_VARIABLE = YES;
				IPHONEOS_DEPLOYMENT_TARGET = 9.3;
				MTL_ENABLE_DEBUG_INFO = YES;
				ONLY_ACTIVE_ARCH = YES;
				SDKROOT = iphoneos;
				SWIFT_OPTIMIZATION_LEVEL = "-Onone";
			};
			name = Debug;
		};
		1BD312211CB119B70031AC5A /* Release */ = {
			isa = XCBuildConfiguration;
			buildSettings = {
				ALWAYS_SEARCH_USER_PATHS = NO;
				CLANG_ANALYZER_NONNULL = YES;
				CLANG_CXX_LANGUAGE_STANDARD = "gnu++0x";
				CLANG_CXX_LIBRARY = "libc++";
				CLANG_ENABLE_MODULES = YES;
				CLANG_ENABLE_OBJC_ARC = YES;
				CLANG_WARN_BOOL_CONVERSION = YES;
				CLANG_WARN_CONSTANT_CONVERSION = YES;
				CLANG_WARN_DIRECT_OBJC_ISA_USAGE = YES_ERROR;
				CLANG_WARN_EMPTY_BODY = YES;
				CLANG_WARN_ENUM_CONVERSION = YES;
				CLANG_WARN_INT_CONVERSION = YES;
				CLANG_WARN_OBJC_ROOT_CLASS = YES_ERROR;
				CLANG_WARN_UNREACHABLE_CODE = YES;
				CLANG_WARN__DUPLICATE_METHOD_MATCH = YES;
				"CODE_SIGN_IDENTITY[sdk=iphoneos*]" = "iPhone Developer";
				COPY_PHASE_STRIP = NO;
				DEBUG_INFORMATION_FORMAT = "dwarf-with-dsym";
				ENABLE_NS_ASSERTIONS = NO;
				ENABLE_STRICT_OBJC_MSGSEND = YES;
				GCC_C_LANGUAGE_STANDARD = gnu99;
				GCC_NO_COMMON_BLOCKS = YES;
				GCC_WARN_64_TO_32_BIT_CONVERSION = YES;
				GCC_WARN_ABOUT_RETURN_TYPE = YES_ERROR;
				GCC_WARN_UNDECLARED_SELECTOR = YES;
				GCC_WARN_UNINITIALIZED_AUTOS = YES_AGGRESSIVE;
				GCC_WARN_UNUSED_FUNCTION = YES;
				GCC_WARN_UNUSED_VARIABLE = YES;
				IPHONEOS_DEPLOYMENT_TARGET = 9.3;
				MTL_ENABLE_DEBUG_INFO = NO;
				SDKROOT = iphoneos;
				VALIDATE_PRODUCT = YES;
			};
			name = Release;
		};
		1BD312231CB119B70031AC5A /* Debug */ = {
			isa = XCBuildConfiguration;
			buildSettings = {
				ASSETCATALOG_COMPILER_APPICON_NAME = AppIcon;
				INFOPLIST_FILE = MusicPlayer/Info.plist;
				LD_RUNPATH_SEARCH_PATHS = "$(inherited) @executable_path/Frameworks";
				PRODUCT_BUNDLE_IDENTIFIER = ufolbb.com.MusicPlayer;
				PRODUCT_NAME = "$(TARGET_NAME)";
			};
			name = Debug;
		};
		1BD312241CB119B70031AC5A /* Release */ = {
			isa = XCBuildConfiguration;
			buildSettings = {
				ASSETCATALOG_COMPILER_APPICON_NAME = AppIcon;
				INFOPLIST_FILE = MusicPlayer/Info.plist;
				LD_RUNPATH_SEARCH_PATHS = "$(inherited) @executable_path/Frameworks";
				PRODUCT_BUNDLE_IDENTIFIER = ufolbb.com.MusicPlayer;
				PRODUCT_NAME = "$(TARGET_NAME)";
			};
			name = Release;
		};
		1BD312261CB119B70031AC5A /* Debug */ = {
			isa = XCBuildConfiguration;
			buildSettings = {
				BUNDLE_LOADER = "$(TEST_HOST)";
				INFOPLIST_FILE = MusicPlayerTests/Info.plist;
				LD_RUNPATH_SEARCH_PATHS = "$(inherited) @executable_path/Frameworks @loader_path/Frameworks";
				PRODUCT_BUNDLE_IDENTIFIER = ufolbb.com.MusicPlayerTests;
				PRODUCT_NAME = "$(TARGET_NAME)";
				TEST_HOST = "$(BUILT_PRODUCTS_DIR)/MusicPlayer.app/MusicPlayer";
			};
			name = Debug;
		};
		1BD312271CB119B70031AC5A /* Release */ = {
			isa = XCBuildConfiguration;
			buildSettings = {
				BUNDLE_LOADER = "$(TEST_HOST)";
				INFOPLIST_FILE = MusicPlayerTests/Info.plist;
				LD_RUNPATH_SEARCH_PATHS = "$(inherited) @executable_path/Frameworks @loader_path/Frameworks";
				PRODUCT_BUNDLE_IDENTIFIER = ufolbb.com.MusicPlayerTests;
				PRODUCT_NAME = "$(TARGET_NAME)";
				TEST_HOST = "$(BUILT_PRODUCTS_DIR)/MusicPlayer.app/MusicPlayer";
			};
			name = Release;
		};
		1BD312291CB119B70031AC5A /* Debug */ = {
			isa = XCBuildConfiguration;
			buildSettings = {
				INFOPLIST_FILE = MusicPlayerUITests/Info.plist;
				LD_RUNPATH_SEARCH_PATHS = "$(inherited) @executable_path/Frameworks @loader_path/Frameworks";
				PRODUCT_BUNDLE_IDENTIFIER = ufolbb.com.MusicPlayerUITests;
				PRODUCT_NAME = "$(TARGET_NAME)";
				TEST_TARGET_NAME = MusicPlayer;
			};
			name = Debug;
		};
		1BD3122A1CB119B70031AC5A /* Release */ = {
			isa = XCBuildConfiguration;
			buildSettings = {
				INFOPLIST_FILE = MusicPlayerUITests/Info.plist;
				LD_RUNPATH_SEARCH_PATHS = "$(inherited) @executable_path/Frameworks @loader_path/Frameworks";
				PRODUCT_BUNDLE_IDENTIFIER = ufolbb.com.MusicPlayerUITests;
				PRODUCT_NAME = "$(TARGET_NAME)";
				TEST_TARGET_NAME = MusicPlayer;
			};
			name = Release;
		};
/* End XCBuildConfiguration section */

/* Begin XCConfigurationList section */
		1BD311F51CB119B70031AC5A /* Build configuration list for PBXProject "MusicPlayer" */ = {
			isa = XCConfigurationList;
			buildConfigurations = (
				1BD312201CB119B70031AC5A /* Debug */,
				1BD312211CB119B70031AC5A /* Release */,
			);
			defaultConfigurationIsVisible = 0;
			defaultConfigurationName = Release;
		};
		1BD312221CB119B70031AC5A /* Build configuration list for PBXNativeTarget "MusicPlayer" */ = {
			isa = XCConfigurationList;
			buildConfigurations = (
				1BD312231CB119B70031AC5A /* Debug */,
				1BD312241CB119B70031AC5A /* Release */,
			);
			defaultConfigurationIsVisible = 0;
		};
		1BD312251CB119B70031AC5A /* Build configuration list for PBXNativeTarget "MusicPlayerTests" */ = {
			isa = XCConfigurationList;
			buildConfigurations = (
				1BD312261CB119B70031AC5A /* Debug */,
				1BD312271CB119B70031AC5A /* Release */,
			);
			defaultConfigurationIsVisible = 0;
		};
		1BD312281CB119B70031AC5A /* Build configuration list for PBXNativeTarget "MusicPlayerUITests" */ = {
			isa = XCConfigurationList;
			buildConfigurations = (
				1BD312291CB119B70031AC5A /* Debug */,
				1BD3122A1CB119B70031AC5A /* Release */,
			);
			defaultConfigurationIsVisible = 0;
		};
/* End XCConfigurationList section */
	};
	rootObject = 1BD311F21CB119B70031AC5A /* Project object */;
}
